<?xml version="1.0" encoding="utf-8"?>
<Project ToolsVersion="4.0" xmlns="http://schemas.microsoft.com/developer/msbuild/2003">
  <ItemGroup>
    <Filter Include="Source Files">
      <UniqueIdentifier>{4FC737F1-C7A5-4376-A066-2A32D752A2FF}</UniqueIdentifier>
      <Extensions>cpp;c;cc;cxx;c++;def;odl;idl;hpj;bat;asm;asmx</Extensions>
    </Filter>
    <Filter Include="Header Files">
      <UniqueIdentifier>{93995380-89BD-4b04-88EB-625FBE52EBFB}</UniqueIdentifier>
      <Extensions>h;hh;hpp;hxx;h++;hm;inl;inc;ipp;xsd</Extensions>
    </Filter>
    <Filter Include="Resource Files">
      <UniqueIdentifier>{67DA6AB6-F800-4c08-8B7A-83BB121AAD01}</UniqueIdentifier>
      <Extensions>rc;ico;cur;bmp;dlg;rc2;rct;bin;rgs;gif;jpg;jpeg;jpe;resx;tiff;tif;png;wav;mfcribbon-ms</Extensions>
    </Filter>
  </ItemGroup>
  <ItemGroup>
    <ClCompile Include="src\Scratch.cpp">
      <Filter>Source Files</Filter>
    </ClCompile>
  </ItemGroup>
  <ItemGroup>
    <ClInclude Include="src\GLEW\include\GL\eglew.h">
      <Filter>Header Files</Filter>
    </ClInclude>
    <ClInclude Include="src\GLEW\include\GL\glew.h">
      <Filter>Header Files</Filter>
    </ClInclude>
    <ClInclude Include="src\GLEW\include\GL\glxew.h">
      <Filter>Header Files</Filter>
    </ClInclude>
    <ClInclude Include="src\GLEW\include\GL\wglew.h">
      <Filter>Header Files</Filter>
    </ClInclude>
  </ItemGroup>
  <ItemGroup>
    <Library Include="src\GLEW\lib\glew32s.lib" />
  </ItemGroup>
  <ItemGroup>
    <None Include="rsc\shader\vert.vert" />
    <None Include="rsc\shader\frag.frag" />
    <None Include="rsc\shader\framebuffer.vert" />
    <None Include="rsc\shader\framebuffer.frag">
      <Filter>Source Files</Filter>
    </None>
  </ItemGroup>
  <ItemGroup>
    <Image Include="rsc\img\a.bmp">
      <Filter>Resource Files</Filter>
    </Image>
    <Image Include="rsc\img\b.bmp">
      <Filter>Resource Files</Filter>
    </Image>
    <Image Include="rsc\img\color.bmp">
      <Filter>Resource Files</Filter>
    </Image>
    <Image Include="rsc\img\smile.bmp">
      <Filter>Resource Files</Filter>
    </Image>
    <Image Include="rsc\img\s.png">
      <Filter>Resource Files</Filter>
    </Image>
    <Image Include="rsc\img\a.png">
      <Filter>Resource Files</Filter>
    </Image>
  </ItemGroup>
</Project>